
Microsoft Visual Studio Solution File, Format Version 12.00
# Visual Studio 2012
Project("{FAE04EC0-301F-11D3-BF4B-00C04F79EFBC}") = "Musagetes", "Musagetes\Musagetes.csproj", "{9E8BDA10-EAB2-4912-81CC-774072C35829}"
EndProject
Project("{FAE04EC0-301F-11D3-BF4B-00C04F79EFBC}") = "Musagetes.DataObjects", "DataObjects\Musagetes.DataObjects.csproj", "{304E30C2-BE77-4B95-9EF2-6FC22685F890}"
EndProject
Project("{FAE04EC0-301F-11D3-BF4B-00C04F79EFBC}") = "Musagetes.DataAccess", "DataAccess\Musagetes.DataAccess.csproj", "{7691B7BA-83E4-47C8-8775-2E03A85A9156}"
EndProject
Project("{FAE04EC0-301F-11D3-BF4B-00C04F79EFBC}") = "Musagetes.DataAccessTests", "DataAccessTests\Musagetes.DataAccessTests.csproj", "{666C29BC-DFC1-4A76-A8D6-CE264446867C}"
EndProject
Global
	GlobalSection(SolutionConfigurationPlatforms) = preSolution
		Debug|Any CPU = Debug|Any CPU
		Debug|x64 = Debug|x64
		Debug|x86 = Debug|x86
		Release|Any CPU = Release|Any CPU
		Release|x64 = Release|x64
		Release|x86 = Release|x86
	EndGlobalSection
	GlobalSection(ProjectConfigurationPlatforms) = postSolution
		{9E8BDA10-EAB2-4912-81CC-774072C35829}.Debug|Any CPU.ActiveCfg = Debug|Any CPU
		{9E8BDA10-EAB2-4912-81CC-774072C35829}.Debug|Any CPU.Build.0 = Debug|Any CPU
		{9E8BDA10-EAB2-4912-81CC-774072C35829}.Debug|x64.ActiveCfg = Debug|x64
		{9E8BDA10-EAB2-4912-81CC-774072C35829}.Debug|x64.Build.0 = Debug|x64
		{9E8BDA10-EAB2-4912-81CC-774072C35829}.Debug|x86.ActiveCfg = Debug|x86
		{9E8BDA10-EAB2-4912-81CC-774072C35829}.Debug|x86.Build.0 = Debug|x86
		{9E8BDA10-EAB2-4912-81CC-774072C35829}.Release|Any CPU.ActiveCfg = Release|Any CPU
		{9E8BDA10-EAB2-4912-81CC-774072C35829}.Release|Any CPU.Build.0 = Release|Any CPU
		{9E8BDA10-EAB2-4912-81CC-774072C35829}.Release|x64.ActiveCfg = Release|x64
		{9E8BDA10-EAB2-4912-81CC-774072C35829}.Release|x64.Build.0 = Release|x64
		{9E8BDA10-EAB2-4912-81CC-774072C35829}.Release|x86.ActiveCfg = Release|Any CPU
		{9E8BDA10-EAB2-4912-81CC-774072C35829}.Release|x86.Build.0 = Release|Any CPU
		{304E30C2-BE77-4B95-9EF2-6FC22685F890}.Debug|Any CPU.ActiveCfg = Debug|Any CPU
		{304E30C2-BE77-4B95-9EF2-6FC22685F890}.Debug|Any CPU.Build.0 = Debug|Any CPU
		{304E30C2-BE77-4B95-9EF2-6FC22685F890}.Debug|x64.ActiveCfg = Debug|x64
		{304E30C2-BE77-4B95-9EF2-6FC22685F890}.Debug|x64.Build.0 = Debug|x64
		{304E30C2-BE77-4B95-9EF2-6FC22685F890}.Debug|x86.ActiveCfg = Debug|x86
		{304E30C2-BE77-4B95-9EF2-6FC22685F890}.Debug|x86.Build.0 = Debug|x86
		{304E30C2-BE77-4B95-9EF2-6FC22685F890}.Release|Any CPU.ActiveCfg = Release|Any CPU
		{304E30C2-BE77-4B95-9EF2-6FC22685F890}.Release|Any CPU.Build.0 = Release|Any CPU
		{304E30C2-BE77-4B95-9EF2-6FC22685F890}.Release|x64.ActiveCfg = Release|Any CPU
		{304E30C2-BE77-4B95-9EF2-6FC22685F890}.Release|x86.ActiveCfg = Release|Any CPU
		{304E30C2-BE77-4B95-9EF2-6FC22685F890}.Release|x86.Build.0 = Release|Any CPU
		{7691B7BA-83E4-47C8-8775-2E03A85A9156}.Debug|Any CPU.ActiveCfg = Debug|Any CPU
		{7691B7BA-83E4-47C8-8775-2E03A85A9156}.Debug|Any CPU.Build.0 = Debug|Any CPU
		{7691B7BA-83E4-47C8-8775-2E03A85A9156}.Debug|x64.ActiveCfg = Debug|x64
		{7691B7BA-83E4-47C8-8775-2E03A85A9156}.Debug|x64.Build.0 = Debug|x64
		{7691B7BA-83E4-47C8-8775-2E03A85A9156}.Debug|x86.ActiveCfg = Debug|x86
		{7691B7BA-83E4-47C8-8775-2E03A85A9156}.Debug|x86.Build.0 = Debug|x86
		{7691B7BA-83E4-47C8-8775-2E03A85A9156}.Release|Any CPU.ActiveCfg = Release|Any CPU
		{7691B7BA-83E4-47C8-8775-2E03A85A9156}.Release|Any CPU.Build.0 = Release|Any CPU
		{7691B7BA-83E4-47C8-8775-2E03A85A9156}.Release|x64.ActiveCfg = Release|Any CPU
		{7691B7BA-83E4-47C8-8775-2E03A85A9156}.Release|x86.ActiveCfg = Release|Any CPU
		{7691B7BA-83E4-47C8-8775-2E03A85A9156}.Release|x86.Build.0 = Release|Any CPU
		{666C29BC-DFC1-4A76-A8D6-CE264446867C}.Debug|Any CPU.ActiveCfg = Debug|Any CPU
		{666C29BC-DFC1-4A76-A8D6-CE264446867C}.Debug|Any CPU.Build.0 = Debug|Any CPU
		{666C29BC-DFC1-4A76-A8D6-CE264446867C}.Debug|x64.ActiveCfg = Debug|x64
		{666C29BC-DFC1-4A76-A8D6-CE264446867C}.Debug|x64.Build.0 = Debug|x64
		{666C29BC-DFC1-4A76-A8D6-CE264446867C}.Debug|x86.ActiveCfg = Debug|x86
		{666C29BC-DFC1-4A76-A8D6-CE264446867C}.Debug|x86.Build.0 = Debug|x86
		{666C29BC-DFC1-4A76-A8D6-CE264446867C}.Release|Any CPU.ActiveCfg = Release|Any CPU
		{666C29BC-DFC1-4A76-A8D6-CE264446867C}.Release|Any CPU.Build.0 = Release|Any CPU
		{666C29BC-DFC1-4A76-A8D6-CE264446867C}.Release|x64.ActiveCfg = Release|Any CPU
		{666C29BC-DFC1-4A76-A8D6-CE264446867C}.Release|x86.ActiveCfg = Release|Any CPU
		{666C29BC-DFC1-4A76-A8D6-CE264446867C}.Release|x86.Build.0 = Release|Any CPU
	EndGlobalSection
	GlobalSection(SolutionProperties) = preSolution
		HideSolutionNode = FALSE
	EndGlobalSection
EndGlobal
